
Microsoft Visual Studio Solution File, Format Version 12.00
# Visual Studio Version 16
VisualStudioVersion = 16.0.31624.102
MinimumVisualStudioVersion = 10.0.40219.1
Project("{FAE04EC0-301F-11D3-BF4B-00C04F79EFBC}") = "B0250_Quartz", "B0250_Quartz\B0250_Quartz.csproj", "{21E8E571-05F5-45C0-8A95-60E834E2D9C3}"
EndProject
Global
	GlobalSection(SolutionConfigurationPlatforms) = preSolution
		Debug|Any CPU = Debug|Any CPU
		Release|Any CPU = Release|Any CPU
	EndGlobalSection
	GlobalSection(ProjectConfigurationPlatforms) = postSolution
		{21E8E571-05F5-45C0-8A95-60E834E2D9C3}.Debug|Any CPU.ActiveCfg = Debug|Any CPU
		{21E8E571-05F5-45C0-8A95-60E834E2D9C3}.Debug|Any CPU.Build.0 = Debug|Any CPU
		{21E8E571-05F5-45C0-8A95-60E834E2D9C3}.Release|Any CPU.ActiveCfg = Release|Any CPU
		{21E8E571-05F5-45C0-8A95-60E834E2D9C3}.Release|Any CPU.Build.0 = Release|Any CPU
	EndGlobalSection
	GlobalSection(SolutionProperties) = preSolution
		HideSolutionNode = FALSE
	EndGlobalSection
	GlobalSection(ExtensibilityGlobals) = postSolution
		SolutionGuid = {2E691F0C-CF9C-4EAF-912D-BE72B4EF5FC9}
	EndGlobalSection
EndGlobal
