
Microsoft Visual Studio Solution File, Format Version 12.00
# Visual Studio Version 16
VisualStudioVersion = 16.0.30907.101
MinimumVisualStudioVersion = 10.0.40219.1
Project("{FAE04EC0-301F-11D3-BF4B-00C04F79EFBC}") = "A0110_Excel", "A0110_Excel\A0110_Excel.csproj", "{8343A270-86F4-44CA-9723-3E2599D9E549}"
EndProject
Global
	GlobalSection(SolutionConfigurationPlatforms) = preSolution
		Debug|Any CPU = Debug|Any CPU
		Release|Any CPU = Release|Any CPU
	EndGlobalSection
	GlobalSection(ProjectConfigurationPlatforms) = postSolution
		{8343A270-86F4-44CA-9723-3E2599D9E549}.Debug|Any CPU.ActiveCfg = Debug|Any CPU
		{8343A270-86F4-44CA-9723-3E2599D9E549}.Debug|Any CPU.Build.0 = Debug|Any CPU
		{8343A270-86F4-44CA-9723-3E2599D9E549}.Release|Any CPU.ActiveCfg = Release|Any CPU
		{8343A270-86F4-44CA-9723-3E2599D9E549}.Release|Any CPU.Build.0 = Release|Any CPU
	EndGlobalSection
	GlobalSection(SolutionProperties) = preSolution
		HideSolutionNode = FALSE
	EndGlobalSection
	GlobalSection(ExtensibilityGlobals) = postSolution
		SolutionGuid = {1B958855-F3FD-466A-B9FE-3ECCEB7827A2}
	EndGlobalSection
EndGlobal
