
Microsoft Visual Studio Solution File, Format Version 12.00
# Visual Studio Version 17
VisualStudioVersion = 17.2.32602.215
MinimumVisualStudioVersion = 10.0.40219.1
Project("{9A19103F-16F7-4668-BE54-9A1E7A4F7556}") = "A0050_BlazorApp", "A0050_BlazorApp\A0050_BlazorApp.csproj", "{0380E317-BA08-48DF-9581-6E4288DBDF12}"
EndProject
Project("{9A19103F-16F7-4668-BE54-9A1E7A4F7556}") = "A0051_BlazorApp.Server", "A0051_BlazorApp\Server\A0051_BlazorApp.Server.csproj", "{AABA3644-A8EF-46B1-BF6B-7900F1B76B7C}"
EndProject
Project("{9A19103F-16F7-4668-BE54-9A1E7A4F7556}") = "A0051_BlazorApp.Client", "A0051_BlazorApp\Client\A0051_BlazorApp.Client.csproj", "{F1F80744-4549-4D82-B122-3F13BF1D78B4}"
EndProject
Project("{9A19103F-16F7-4668-BE54-9A1E7A4F7556}") = "A0051_BlazorApp.Shared", "A0051_BlazorApp\Shared\A0051_BlazorApp.Shared.csproj", "{22AC895C-81B9-4EB4-BD9A-58E13BC2C9F7}"
EndProject
Project("{2150E333-8FDC-42A3-9474-1A3956D46DE8}") = "A0051_BlazorApp", "A0051_BlazorApp", "{FBC3ACD8-F510-40C0-A73C-FFCE26ADA4BC}"
EndProject
Project("{2150E333-8FDC-42A3-9474-1A3956D46DE8}") = "A0058_BlazorAppGrpc", "A0058_BlazorAppGrpc", "{7042CB7C-3B04-48BF-B638-0AFB275FDB67}"
EndProject
Project("{9A19103F-16F7-4668-BE54-9A1E7A4F7556}") = "A0058_GrpcService", "A0058_BlazorAppGrpc\A0058_GrpcService\A0058_GrpcService.csproj", "{86A5DF94-F710-421D-A781-66D8B0C5E4D0}"
EndProject
Project("{9A19103F-16F7-4668-BE54-9A1E7A4F7556}") = "A0058_BlazorApp", "A0058_BlazorAppGrpc\A0058_BlazorApp\A0058_BlazorApp.csproj", "{2A2CEDD0-835A-4BE1-91B9-8EFBC9FDB550}"
EndProject
Project("{9A19103F-16F7-4668-BE54-9A1E7A4F7556}") = "A0055_RazorClassLibrary", "A0055_RazorClassLibrary\A0055_RazorClassLibrary.csproj", "{87C03DC2-89B9-4136-8097-64767F218F57}"
EndProject
Project("{9A19103F-16F7-4668-BE54-9A1E7A4F7556}") = "A0052_BlazorApp", "A0052_BlazorApp\A0052_BlazorApp.csproj", "{77857CE0-C87A-4BDD-AEBE-C18FA31DBDAE}"
EndProject
Project("{9A19103F-16F7-4668-BE54-9A1E7A4F7556}") = "A0050_BlazorApp_V8", "A0050_BlazorApp_V8\A0050_BlazorApp_V8.csproj", "{88FCBD63-7453-48F8-ADED-9518B2EAB3D0}"
EndProject
Project("{9A19103F-16F7-4668-BE54-9A1E7A4F7556}") = "A0053_BlazorApp_None", "A0053_BlazorApp_None\A0053_BlazorApp_None.csproj", "{6DD03093-E4AE-4941-B391-04C8527CEC75}"
EndProject
Project("{9A19103F-16F7-4668-BE54-9A1E7A4F7556}") = "A0053_BlazorApp_Server", "A0053_BlazorApp_Server\A0053_BlazorApp_Server.csproj", "{3A9F3C33-0F64-48A0-AC4B-D0577B8E2278}"
EndProject
Project("{9A19103F-16F7-4668-BE54-9A1E7A4F7556}") = "A0053_BlazorApp_WebAssembly", "A0053_BlazorApp_WebAssembly\A0053_BlazorApp_WebAssembly\A0053_BlazorApp_WebAssembly.csproj", "{A660B288-9DF8-4822-9AD4-A434B37A62DA}"
EndProject
Project("{9A19103F-16F7-4668-BE54-9A1E7A4F7556}") = "A0053_BlazorApp_WebAssembly.Client", "A0053_BlazorApp_WebAssembly\A0053_BlazorApp_WebAssembly.Client\A0053_BlazorApp_WebAssembly.Client.csproj", "{E1D30C03-ADAF-4687-8894-B8D84F726869}"
EndProject
Project("{9A19103F-16F7-4668-BE54-9A1E7A4F7556}") = "A0053_BlazorApp_Auto", "A0053_BlazorApp_Auto\A0053_BlazorApp_Auto\A0053_BlazorApp_Auto.csproj", "{54B76735-3397-4361-8B93-043A95360AFA}"
EndProject
Project("{9A19103F-16F7-4668-BE54-9A1E7A4F7556}") = "A0053_BlazorApp_Auto.Client", "A0053_BlazorApp_Auto\A0053_BlazorApp_Auto.Client\A0053_BlazorApp_Auto.Client.csproj", "{F19BE54E-3CF0-4DF6-8FD3-A569B468CE81}"
EndProject
Project("{9A19103F-16F7-4668-BE54-9A1E7A4F7556}") = "A0053_BlazorApp_Auto_Global", "A0053_BlazorApp_Auto_Global\A0053_BlazorApp_Auto_Global\A0053_BlazorApp_Auto_Global.csproj", "{A9A10E92-3D6A-4A6C-A55F-1B3FAB882C36}"
EndProject
Project("{9A19103F-16F7-4668-BE54-9A1E7A4F7556}") = "A0053_BlazorApp_Auto_Global.Client", "A0053_BlazorApp_Auto_Global\A0053_BlazorApp_Auto_Global.Client\A0053_BlazorApp_Auto_Global.Client.csproj", "{674019A8-7C76-47C8-8D47-501D32842B7F}"
EndProject
Project("{9A19103F-16F7-4668-BE54-9A1E7A4F7556}") = "A0053_BlazorApp_Server_Global", "A0053_BlazorApp_Server_Global\A0053_BlazorApp_Server_Global.csproj", "{9D373FB3-C9C9-40E0-BE2C-FD301D79D435}"
EndProject
Project("{2150E333-8FDC-42A3-9474-1A3956D46DE8}") = "A0050", "A0050", "{9CE2B0EB-D0E3-4F85-87B6-DAF007CC3280}"
EndProject
Project("{2150E333-8FDC-42A3-9474-1A3956D46DE8}") = "A0053", "A0053", "{6DE56666-4714-47C3-BEF7-196E8C3B98F5}"
EndProject
Project("{2150E333-8FDC-42A3-9474-1A3956D46DE8}") = "A0052", "A0052", "{5F93FBE3-7EBD-45C6-838F-B0316A538CF3}"
EndProject
Project("{2150E333-8FDC-42A3-9474-1A3956D46DE8}") = "None", "None", "{B00BA8E7-41B8-4CE3-B996-08DA18BA683F}"
EndProject
Project("{2150E333-8FDC-42A3-9474-1A3956D46DE8}") = "Server", "Server", "{59490C43-D5B5-4FE3-8A95-1CBD1F81A104}"
EndProject
Project("{2150E333-8FDC-42A3-9474-1A3956D46DE8}") = "Auto", "Auto", "{4F953AB6-7B40-4E4B-9D58-0AF50903E999}"
EndProject
Project("{2150E333-8FDC-42A3-9474-1A3956D46DE8}") = "WebAssembly", "WebAssembly", "{83567C4E-BCC9-4FBB-AEE8-56F44A426ADE}"
EndProject
Project("{FAE04EC0-301F-11D3-BF4B-00C04F79EFBC}") = "A0053_BlazorApp_WebAssembly_Global", "A0053_BlazorApp_WebAssembly_Global\A0053_BlazorApp_WebAssembly_Global\A0053_BlazorApp_WebAssembly_Global.csproj", "{DCDE0F30-566A-4CBE-885E-6DDB48AFBBB2}"
EndProject
Project("{FAE04EC0-301F-11D3-BF4B-00C04F79EFBC}") = "A0053_BlazorApp_WebAssembly_Global.Client", "A0053_BlazorApp_WebAssembly_Global\A0053_BlazorApp_WebAssembly_Global.Client\A0053_BlazorApp_WebAssembly_Global.Client.csproj", "{B178F9AF-DFD1-4E7F-BE10-892C216E2A0F}"
EndProject
Global
	GlobalSection(SolutionConfigurationPlatforms) = preSolution
		Debug|Any CPU = Debug|Any CPU
		Release|Any CPU = Release|Any CPU
	EndGlobalSection
	GlobalSection(ProjectConfigurationPlatforms) = postSolution
		{0380E317-BA08-48DF-9581-6E4288DBDF12}.Debug|Any CPU.ActiveCfg = Debug|Any CPU
		{0380E317-BA08-48DF-9581-6E4288DBDF12}.Debug|Any CPU.Build.0 = Debug|Any CPU
		{0380E317-BA08-48DF-9581-6E4288DBDF12}.Release|Any CPU.ActiveCfg = Release|Any CPU
		{0380E317-BA08-48DF-9581-6E4288DBDF12}.Release|Any CPU.Build.0 = Release|Any CPU
		{AABA3644-A8EF-46B1-BF6B-7900F1B76B7C}.Debug|Any CPU.ActiveCfg = Debug|Any CPU
		{AABA3644-A8EF-46B1-BF6B-7900F1B76B7C}.Debug|Any CPU.Build.0 = Debug|Any CPU
		{AABA3644-A8EF-46B1-BF6B-7900F1B76B7C}.Release|Any CPU.ActiveCfg = Release|Any CPU
		{AABA3644-A8EF-46B1-BF6B-7900F1B76B7C}.Release|Any CPU.Build.0 = Release|Any CPU
		{F1F80744-4549-4D82-B122-3F13BF1D78B4}.Debug|Any CPU.ActiveCfg = Debug|Any CPU
		{F1F80744-4549-4D82-B122-3F13BF1D78B4}.Debug|Any CPU.Build.0 = Debug|Any CPU
		{F1F80744-4549-4D82-B122-3F13BF1D78B4}.Release|Any CPU.ActiveCfg = Release|Any CPU
		{F1F80744-4549-4D82-B122-3F13BF1D78B4}.Release|Any CPU.Build.0 = Release|Any CPU
		{22AC895C-81B9-4EB4-BD9A-58E13BC2C9F7}.Debug|Any CPU.ActiveCfg = Debug|Any CPU
		{22AC895C-81B9-4EB4-BD9A-58E13BC2C9F7}.Debug|Any CPU.Build.0 = Debug|Any CPU
		{22AC895C-81B9-4EB4-BD9A-58E13BC2C9F7}.Release|Any CPU.ActiveCfg = Release|Any CPU
		{22AC895C-81B9-4EB4-BD9A-58E13BC2C9F7}.Release|Any CPU.Build.0 = Release|Any CPU
		{86A5DF94-F710-421D-A781-66D8B0C5E4D0}.Debug|Any CPU.ActiveCfg = Debug|Any CPU
		{86A5DF94-F710-421D-A781-66D8B0C5E4D0}.Debug|Any CPU.Build.0 = Debug|Any CPU
		{86A5DF94-F710-421D-A781-66D8B0C5E4D0}.Release|Any CPU.ActiveCfg = Release|Any CPU
		{86A5DF94-F710-421D-A781-66D8B0C5E4D0}.Release|Any CPU.Build.0 = Release|Any CPU
		{2A2CEDD0-835A-4BE1-91B9-8EFBC9FDB550}.Debug|Any CPU.ActiveCfg = Debug|Any CPU
		{2A2CEDD0-835A-4BE1-91B9-8EFBC9FDB550}.Debug|Any CPU.Build.0 = Debug|Any CPU
		{2A2CEDD0-835A-4BE1-91B9-8EFBC9FDB550}.Release|Any CPU.ActiveCfg = Release|Any CPU
		{2A2CEDD0-835A-4BE1-91B9-8EFBC9FDB550}.Release|Any CPU.Build.0 = Release|Any CPU
		{87C03DC2-89B9-4136-8097-64767F218F57}.Debug|Any CPU.ActiveCfg = Debug|Any CPU
		{87C03DC2-89B9-4136-8097-64767F218F57}.Debug|Any CPU.Build.0 = Debug|Any CPU
		{87C03DC2-89B9-4136-8097-64767F218F57}.Release|Any CPU.ActiveCfg = Release|Any CPU
		{87C03DC2-89B9-4136-8097-64767F218F57}.Release|Any CPU.Build.0 = Release|Any CPU
		{77857CE0-C87A-4BDD-AEBE-C18FA31DBDAE}.Debug|Any CPU.ActiveCfg = Debug|Any CPU
		{77857CE0-C87A-4BDD-AEBE-C18FA31DBDAE}.Debug|Any CPU.Build.0 = Debug|Any CPU
		{77857CE0-C87A-4BDD-AEBE-C18FA31DBDAE}.Release|Any CPU.ActiveCfg = Release|Any CPU
		{77857CE0-C87A-4BDD-AEBE-C18FA31DBDAE}.Release|Any CPU.Build.0 = Release|Any CPU
		{88FCBD63-7453-48F8-ADED-9518B2EAB3D0}.Debug|Any CPU.ActiveCfg = Debug|Any CPU
		{88FCBD63-7453-48F8-ADED-9518B2EAB3D0}.Debug|Any CPU.Build.0 = Debug|Any CPU
		{88FCBD63-7453-48F8-ADED-9518B2EAB3D0}.Release|Any CPU.ActiveCfg = Release|Any CPU
		{88FCBD63-7453-48F8-ADED-9518B2EAB3D0}.Release|Any CPU.Build.0 = Release|Any CPU
		{6DD03093-E4AE-4941-B391-04C8527CEC75}.Debug|Any CPU.ActiveCfg = Debug|Any CPU
		{6DD03093-E4AE-4941-B391-04C8527CEC75}.Debug|Any CPU.Build.0 = Debug|Any CPU
		{6DD03093-E4AE-4941-B391-04C8527CEC75}.Release|Any CPU.ActiveCfg = Release|Any CPU
		{6DD03093-E4AE-4941-B391-04C8527CEC75}.Release|Any CPU.Build.0 = Release|Any CPU
		{3A9F3C33-0F64-48A0-AC4B-D0577B8E2278}.Debug|Any CPU.ActiveCfg = Debug|Any CPU
		{3A9F3C33-0F64-48A0-AC4B-D0577B8E2278}.Debug|Any CPU.Build.0 = Debug|Any CPU
		{3A9F3C33-0F64-48A0-AC4B-D0577B8E2278}.Release|Any CPU.ActiveCfg = Release|Any CPU
		{3A9F3C33-0F64-48A0-AC4B-D0577B8E2278}.Release|Any CPU.Build.0 = Release|Any CPU
		{A660B288-9DF8-4822-9AD4-A434B37A62DA}.Debug|Any CPU.ActiveCfg = Debug|Any CPU
		{A660B288-9DF8-4822-9AD4-A434B37A62DA}.Debug|Any CPU.Build.0 = Debug|Any CPU
		{A660B288-9DF8-4822-9AD4-A434B37A62DA}.Release|Any CPU.ActiveCfg = Release|Any CPU
		{A660B288-9DF8-4822-9AD4-A434B37A62DA}.Release|Any CPU.Build.0 = Release|Any CPU
		{E1D30C03-ADAF-4687-8894-B8D84F726869}.Debug|Any CPU.ActiveCfg = Debug|Any CPU
		{E1D30C03-ADAF-4687-8894-B8D84F726869}.Debug|Any CPU.Build.0 = Debug|Any CPU
		{E1D30C03-ADAF-4687-8894-B8D84F726869}.Release|Any CPU.ActiveCfg = Release|Any CPU
		{E1D30C03-ADAF-4687-8894-B8D84F726869}.Release|Any CPU.Build.0 = Release|Any CPU
		{54B76735-3397-4361-8B93-043A95360AFA}.Debug|Any CPU.ActiveCfg = Debug|Any CPU
		{54B76735-3397-4361-8B93-043A95360AFA}.Debug|Any CPU.Build.0 = Debug|Any CPU
		{54B76735-3397-4361-8B93-043A95360AFA}.Release|Any CPU.ActiveCfg = Release|Any CPU
		{54B76735-3397-4361-8B93-043A95360AFA}.Release|Any CPU.Build.0 = Release|Any CPU
		{F19BE54E-3CF0-4DF6-8FD3-A569B468CE81}.Debug|Any CPU.ActiveCfg = Debug|Any CPU
		{F19BE54E-3CF0-4DF6-8FD3-A569B468CE81}.Debug|Any CPU.Build.0 = Debug|Any CPU
		{F19BE54E-3CF0-4DF6-8FD3-A569B468CE81}.Release|Any CPU.ActiveCfg = Release|Any CPU
		{F19BE54E-3CF0-4DF6-8FD3-A569B468CE81}.Release|Any CPU.Build.0 = Release|Any CPU
		{A9A10E92-3D6A-4A6C-A55F-1B3FAB882C36}.Debug|Any CPU.ActiveCfg = Debug|Any CPU
		{A9A10E92-3D6A-4A6C-A55F-1B3FAB882C36}.Debug|Any CPU.Build.0 = Debug|Any CPU
		{A9A10E92-3D6A-4A6C-A55F-1B3FAB882C36}.Release|Any CPU.ActiveCfg = Release|Any CPU
		{A9A10E92-3D6A-4A6C-A55F-1B3FAB882C36}.Release|Any CPU.Build.0 = Release|Any CPU
		{674019A8-7C76-47C8-8D47-501D32842B7F}.Debug|Any CPU.ActiveCfg = Debug|Any CPU
		{674019A8-7C76-47C8-8D47-501D32842B7F}.Debug|Any CPU.Build.0 = Debug|Any CPU
		{674019A8-7C76-47C8-8D47-501D32842B7F}.Release|Any CPU.ActiveCfg = Release|Any CPU
		{674019A8-7C76-47C8-8D47-501D32842B7F}.Release|Any CPU.Build.0 = Release|Any CPU
		{9D373FB3-C9C9-40E0-BE2C-FD301D79D435}.Debug|Any CPU.ActiveCfg = Debug|Any CPU
		{9D373FB3-C9C9-40E0-BE2C-FD301D79D435}.Debug|Any CPU.Build.0 = Debug|Any CPU
		{9D373FB3-C9C9-40E0-BE2C-FD301D79D435}.Release|Any CPU.ActiveCfg = Release|Any CPU
		{9D373FB3-C9C9-40E0-BE2C-FD301D79D435}.Release|Any CPU.Build.0 = Release|Any CPU
		{DCDE0F30-566A-4CBE-885E-6DDB48AFBBB2}.Debug|Any CPU.ActiveCfg = Debug|Any CPU
		{DCDE0F30-566A-4CBE-885E-6DDB48AFBBB2}.Debug|Any CPU.Build.0 = Debug|Any CPU
		{DCDE0F30-566A-4CBE-885E-6DDB48AFBBB2}.Release|Any CPU.ActiveCfg = Release|Any CPU
		{DCDE0F30-566A-4CBE-885E-6DDB48AFBBB2}.Release|Any CPU.Build.0 = Release|Any CPU
		{B178F9AF-DFD1-4E7F-BE10-892C216E2A0F}.Debug|Any CPU.ActiveCfg = Debug|Any CPU
		{B178F9AF-DFD1-4E7F-BE10-892C216E2A0F}.Debug|Any CPU.Build.0 = Debug|Any CPU
		{B178F9AF-DFD1-4E7F-BE10-892C216E2A0F}.Release|Any CPU.ActiveCfg = Release|Any CPU
		{B178F9AF-DFD1-4E7F-BE10-892C216E2A0F}.Release|Any CPU.Build.0 = Release|Any CPU
	EndGlobalSection
	GlobalSection(SolutionProperties) = preSolution
		HideSolutionNode = FALSE
	EndGlobalSection
	GlobalSection(NestedProjects) = preSolution
		{0380E317-BA08-48DF-9581-6E4288DBDF12} = {9CE2B0EB-D0E3-4F85-87B6-DAF007CC3280}
		{AABA3644-A8EF-46B1-BF6B-7900F1B76B7C} = {FBC3ACD8-F510-40C0-A73C-FFCE26ADA4BC}
		{F1F80744-4549-4D82-B122-3F13BF1D78B4} = {FBC3ACD8-F510-40C0-A73C-FFCE26ADA4BC}
		{22AC895C-81B9-4EB4-BD9A-58E13BC2C9F7} = {FBC3ACD8-F510-40C0-A73C-FFCE26ADA4BC}
		{86A5DF94-F710-421D-A781-66D8B0C5E4D0} = {7042CB7C-3B04-48BF-B638-0AFB275FDB67}
		{2A2CEDD0-835A-4BE1-91B9-8EFBC9FDB550} = {7042CB7C-3B04-48BF-B638-0AFB275FDB67}
		{77857CE0-C87A-4BDD-AEBE-C18FA31DBDAE} = {5F93FBE3-7EBD-45C6-838F-B0316A538CF3}
		{88FCBD63-7453-48F8-ADED-9518B2EAB3D0} = {9CE2B0EB-D0E3-4F85-87B6-DAF007CC3280}
		{6DD03093-E4AE-4941-B391-04C8527CEC75} = {B00BA8E7-41B8-4CE3-B996-08DA18BA683F}
		{3A9F3C33-0F64-48A0-AC4B-D0577B8E2278} = {59490C43-D5B5-4FE3-8A95-1CBD1F81A104}
		{A660B288-9DF8-4822-9AD4-A434B37A62DA} = {83567C4E-BCC9-4FBB-AEE8-56F44A426ADE}
		{E1D30C03-ADAF-4687-8894-B8D84F726869} = {83567C4E-BCC9-4FBB-AEE8-56F44A426ADE}
		{54B76735-3397-4361-8B93-043A95360AFA} = {4F953AB6-7B40-4E4B-9D58-0AF50903E999}
		{F19BE54E-3CF0-4DF6-8FD3-A569B468CE81} = {4F953AB6-7B40-4E4B-9D58-0AF50903E999}
		{A9A10E92-3D6A-4A6C-A55F-1B3FAB882C36} = {4F953AB6-7B40-4E4B-9D58-0AF50903E999}
		{674019A8-7C76-47C8-8D47-501D32842B7F} = {4F953AB6-7B40-4E4B-9D58-0AF50903E999}
		{9D373FB3-C9C9-40E0-BE2C-FD301D79D435} = {59490C43-D5B5-4FE3-8A95-1CBD1F81A104}
		{B00BA8E7-41B8-4CE3-B996-08DA18BA683F} = {6DE56666-4714-47C3-BEF7-196E8C3B98F5}
		{59490C43-D5B5-4FE3-8A95-1CBD1F81A104} = {6DE56666-4714-47C3-BEF7-196E8C3B98F5}
		{4F953AB6-7B40-4E4B-9D58-0AF50903E999} = {6DE56666-4714-47C3-BEF7-196E8C3B98F5}
		{83567C4E-BCC9-4FBB-AEE8-56F44A426ADE} = {6DE56666-4714-47C3-BEF7-196E8C3B98F5}
		{DCDE0F30-566A-4CBE-885E-6DDB48AFBBB2} = {83567C4E-BCC9-4FBB-AEE8-56F44A426ADE}
		{B178F9AF-DFD1-4E7F-BE10-892C216E2A0F} = {83567C4E-BCC9-4FBB-AEE8-56F44A426ADE}
	EndGlobalSection
	GlobalSection(ExtensibilityGlobals) = postSolution
		SolutionGuid = {020EF2E9-F1AB-409F-A8DF-C1B61C62634B}
	EndGlobalSection
EndGlobal
