
Microsoft Visual Studio Solution File, Format Version 12.00
# Visual Studio Version 17
VisualStudioVersion = 17.11.35312.102
MinimumVisualStudioVersion = 10.0.40219.1
Project("{FAE04EC0-301F-11D3-BF4B-00C04F79EFBC}") = "D0001_Docker_HelloWorld_Net8", "D0001_Docker_HelloWorld_Net8.csproj", "{B89541BB-0477-4DE0-87CB-7EAA956E6379}"
EndProject
Global
	GlobalSection(SolutionConfigurationPlatforms) = preSolution
		Debug|Any CPU = Debug|Any CPU
		Release|Any CPU = Release|Any CPU
	EndGlobalSection
	GlobalSection(ProjectConfigurationPlatforms) = postSolution
		{B89541BB-0477-4DE0-87CB-7EAA956E6379}.Debug|Any CPU.ActiveCfg = Debug|Any CPU
		{B89541BB-0477-4DE0-87CB-7EAA956E6379}.Debug|Any CPU.Build.0 = Debug|Any CPU
		{B89541BB-0477-4DE0-87CB-7EAA956E6379}.Release|Any CPU.ActiveCfg = Release|Any CPU
		{B89541BB-0477-4DE0-87CB-7EAA956E6379}.Release|Any CPU.Build.0 = Release|Any CPU
	EndGlobalSection
	GlobalSection(SolutionProperties) = preSolution
		HideSolutionNode = FALSE
	EndGlobalSection
	GlobalSection(ExtensibilityGlobals) = postSolution
		SolutionGuid = {96BF5563-F4DF-4B11-B972-15D188D73C3D}
	EndGlobalSection
EndGlobal
