
Microsoft Visual Studio Solution File, Format Version 12.00
# Visual Studio 15
VisualStudioVersion = 15.0.27130.2003
MinimumVisualStudioVersion = 10.0.40219.1
Project("{FAE04EC0-301F-11D3-BF4B-00C04F79EFBC}") = "A0200_Ocelot", "A0200_Ocelot\A0200_Ocelot.csproj", "{7503ED29-9127-4810-87C6-C4AB8AA35406}"
EndProject
Project("{FAE04EC0-301F-11D3-BF4B-00C04F79EFBC}") = "A0200_TestUserWebApi", "A0200_TestUserWebApi\A0200_TestUserWebApi.csproj", "{83CDA2D1-CFB0-41C2-9248-FF6326B3E9F3}"
EndProject
Project("{FAE04EC0-301F-11D3-BF4B-00C04F79EFBC}") = "A0200_TestOrderWebApi", "A0200_TestOrderWebApi\A0200_TestOrderWebApi.csproj", "{FED9FA5F-3038-4DFE-AABE-D1BE5A27EFEC}"
EndProject
Global
	GlobalSection(SolutionConfigurationPlatforms) = preSolution
		Debug|Any CPU = Debug|Any CPU
		Release|Any CPU = Release|Any CPU
	EndGlobalSection
	GlobalSection(ProjectConfigurationPlatforms) = postSolution
		{7503ED29-9127-4810-87C6-C4AB8AA35406}.Debug|Any CPU.ActiveCfg = Debug|Any CPU
		{7503ED29-9127-4810-87C6-C4AB8AA35406}.Debug|Any CPU.Build.0 = Debug|Any CPU
		{7503ED29-9127-4810-87C6-C4AB8AA35406}.Release|Any CPU.ActiveCfg = Release|Any CPU
		{7503ED29-9127-4810-87C6-C4AB8AA35406}.Release|Any CPU.Build.0 = Release|Any CPU
		{83CDA2D1-CFB0-41C2-9248-FF6326B3E9F3}.Debug|Any CPU.ActiveCfg = Debug|Any CPU
		{83CDA2D1-CFB0-41C2-9248-FF6326B3E9F3}.Debug|Any CPU.Build.0 = Debug|Any CPU
		{83CDA2D1-CFB0-41C2-9248-FF6326B3E9F3}.Release|Any CPU.ActiveCfg = Release|Any CPU
		{83CDA2D1-CFB0-41C2-9248-FF6326B3E9F3}.Release|Any CPU.Build.0 = Release|Any CPU
		{FED9FA5F-3038-4DFE-AABE-D1BE5A27EFEC}.Debug|Any CPU.ActiveCfg = Debug|Any CPU
		{FED9FA5F-3038-4DFE-AABE-D1BE5A27EFEC}.Debug|Any CPU.Build.0 = Debug|Any CPU
		{FED9FA5F-3038-4DFE-AABE-D1BE5A27EFEC}.Release|Any CPU.ActiveCfg = Release|Any CPU
		{FED9FA5F-3038-4DFE-AABE-D1BE5A27EFEC}.Release|Any CPU.Build.0 = Release|Any CPU
	EndGlobalSection
	GlobalSection(SolutionProperties) = preSolution
		HideSolutionNode = FALSE
	EndGlobalSection
	GlobalSection(ExtensibilityGlobals) = postSolution
		SolutionGuid = {9BB70A8B-BBD9-4865-A805-2E40EDCABAA0}
	EndGlobalSection
EndGlobal
