
Microsoft Visual Studio Solution File, Format Version 12.00
# Visual Studio Version 16
VisualStudioVersion = 16.0.30907.101
MinimumVisualStudioVersion = 10.0.40219.1
Project("{9A19103F-16F7-4668-BE54-9A1E7A4F7556}") = "A0200_Ocelot", "A0200_Ocelot\A0200_Ocelot.csproj", "{7503ED29-9127-4810-87C6-C4AB8AA35406}"
EndProject
Project("{9A19103F-16F7-4668-BE54-9A1E7A4F7556}") = "A0200_TestUserWebApi", "A0200_TestUserWebApi\A0200_TestUserWebApi.csproj", "{83CDA2D1-CFB0-41C2-9248-FF6326B3E9F3}"
EndProject
Project("{9A19103F-16F7-4668-BE54-9A1E7A4F7556}") = "A0200_TestOrderWebApi", "A0200_TestOrderWebApi\A0200_TestOrderWebApi.csproj", "{FED9FA5F-3038-4DFE-AABE-D1BE5A27EFEC}"
EndProject
Project("{FAE04EC0-301F-11D3-BF4B-00C04F79EFBC}") = "A0205_Ocelot", "A0205_Ocelot\A0205_Ocelot.csproj", "{B42855E0-050F-480D-B009-D12C2949CDF1}"
EndProject
Project("{FAE04EC0-301F-11D3-BF4B-00C04F79EFBC}") = "A0205_TestItemWebApi", "A0205_TestItemWebApi\A0205_TestItemWebApi.csproj", "{1D3366DD-E202-433F-9886-527998982360}"
EndProject
Global
	GlobalSection(SolutionConfigurationPlatforms) = preSolution
		Debug|Any CPU = Debug|Any CPU
		Release|Any CPU = Release|Any CPU
	EndGlobalSection
	GlobalSection(ProjectConfigurationPlatforms) = postSolution
		{7503ED29-9127-4810-87C6-C4AB8AA35406}.Debug|Any CPU.ActiveCfg = Debug|Any CPU
		{7503ED29-9127-4810-87C6-C4AB8AA35406}.Debug|Any CPU.Build.0 = Debug|Any CPU
		{7503ED29-9127-4810-87C6-C4AB8AA35406}.Release|Any CPU.ActiveCfg = Release|Any CPU
		{7503ED29-9127-4810-87C6-C4AB8AA35406}.Release|Any CPU.Build.0 = Release|Any CPU
		{83CDA2D1-CFB0-41C2-9248-FF6326B3E9F3}.Debug|Any CPU.ActiveCfg = Debug|Any CPU
		{83CDA2D1-CFB0-41C2-9248-FF6326B3E9F3}.Debug|Any CPU.Build.0 = Debug|Any CPU
		{83CDA2D1-CFB0-41C2-9248-FF6326B3E9F3}.Release|Any CPU.ActiveCfg = Release|Any CPU
		{83CDA2D1-CFB0-41C2-9248-FF6326B3E9F3}.Release|Any CPU.Build.0 = Release|Any CPU
		{FED9FA5F-3038-4DFE-AABE-D1BE5A27EFEC}.Debug|Any CPU.ActiveCfg = Debug|Any CPU
		{FED9FA5F-3038-4DFE-AABE-D1BE5A27EFEC}.Debug|Any CPU.Build.0 = Debug|Any CPU
		{FED9FA5F-3038-4DFE-AABE-D1BE5A27EFEC}.Release|Any CPU.ActiveCfg = Release|Any CPU
		{FED9FA5F-3038-4DFE-AABE-D1BE5A27EFEC}.Release|Any CPU.Build.0 = Release|Any CPU
		{B42855E0-050F-480D-B009-D12C2949CDF1}.Debug|Any CPU.ActiveCfg = Debug|Any CPU
		{B42855E0-050F-480D-B009-D12C2949CDF1}.Debug|Any CPU.Build.0 = Debug|Any CPU
		{B42855E0-050F-480D-B009-D12C2949CDF1}.Release|Any CPU.ActiveCfg = Release|Any CPU
		{B42855E0-050F-480D-B009-D12C2949CDF1}.Release|Any CPU.Build.0 = Release|Any CPU
		{1D3366DD-E202-433F-9886-527998982360}.Debug|Any CPU.ActiveCfg = Debug|Any CPU
		{1D3366DD-E202-433F-9886-527998982360}.Debug|Any CPU.Build.0 = Debug|Any CPU
		{1D3366DD-E202-433F-9886-527998982360}.Release|Any CPU.ActiveCfg = Release|Any CPU
		{1D3366DD-E202-433F-9886-527998982360}.Release|Any CPU.Build.0 = Release|Any CPU
	EndGlobalSection
	GlobalSection(SolutionProperties) = preSolution
		HideSolutionNode = FALSE
	EndGlobalSection
	GlobalSection(ExtensibilityGlobals) = postSolution
		SolutionGuid = {9BB70A8B-BBD9-4865-A805-2E40EDCABAA0}
	EndGlobalSection
EndGlobal
