
Microsoft Visual Studio Solution File, Format Version 12.00
# Visual Studio Version 17
VisualStudioVersion = 17.0.31903.59
MinimumVisualStudioVersion = 10.0.40219.1
Project("{9A19103F-16F7-4668-BE54-9A1E7A4F7556}") = "A0010_TestWebApi", "A0010_TestWebApi\A0010_TestWebApi.csproj", "{A0A56A17-9C54-4019-BF5D-F0AE1FEE4B2B}"
EndProject
Project("{9A19103F-16F7-4668-BE54-9A1E7A4F7556}") = "TestWebApiClient", "TestWebApiClient\TestWebApiClient.csproj", "{B922F48E-F1F3-4DA0-BF8A-CCEDD1DE2F58}"
EndProject
Project("{9A19103F-16F7-4668-BE54-9A1E7A4F7556}") = "A0010_TestWebApiV5", "A0010_TestWebApiV5\A0010_TestWebApiV5.csproj", "{B98FCAC6-E9AB-4340-A3FF-964E24812A61}"
EndProject
Project("{FAE04EC0-301F-11D3-BF4B-00C04F79EFBC}") = "A0010_TestWebApiV6", "A0010_TestWebApiV6\A0010_TestWebApiV6.csproj", "{8FE92C94-186A-404F-9C90-FB856424F335}"
EndProject
Global
	GlobalSection(SolutionConfigurationPlatforms) = preSolution
		Debug|Any CPU = Debug|Any CPU
		Release|Any CPU = Release|Any CPU
	EndGlobalSection
	GlobalSection(ProjectConfigurationPlatforms) = postSolution
		{A0A56A17-9C54-4019-BF5D-F0AE1FEE4B2B}.Debug|Any CPU.ActiveCfg = Debug|Any CPU
		{A0A56A17-9C54-4019-BF5D-F0AE1FEE4B2B}.Debug|Any CPU.Build.0 = Debug|Any CPU
		{A0A56A17-9C54-4019-BF5D-F0AE1FEE4B2B}.Release|Any CPU.ActiveCfg = Release|Any CPU
		{A0A56A17-9C54-4019-BF5D-F0AE1FEE4B2B}.Release|Any CPU.Build.0 = Release|Any CPU
		{B922F48E-F1F3-4DA0-BF8A-CCEDD1DE2F58}.Debug|Any CPU.ActiveCfg = Debug|Any CPU
		{B922F48E-F1F3-4DA0-BF8A-CCEDD1DE2F58}.Debug|Any CPU.Build.0 = Debug|Any CPU
		{B922F48E-F1F3-4DA0-BF8A-CCEDD1DE2F58}.Release|Any CPU.ActiveCfg = Release|Any CPU
		{B922F48E-F1F3-4DA0-BF8A-CCEDD1DE2F58}.Release|Any CPU.Build.0 = Release|Any CPU
		{B98FCAC6-E9AB-4340-A3FF-964E24812A61}.Debug|Any CPU.ActiveCfg = Debug|Any CPU
		{B98FCAC6-E9AB-4340-A3FF-964E24812A61}.Debug|Any CPU.Build.0 = Debug|Any CPU
		{B98FCAC6-E9AB-4340-A3FF-964E24812A61}.Release|Any CPU.ActiveCfg = Release|Any CPU
		{B98FCAC6-E9AB-4340-A3FF-964E24812A61}.Release|Any CPU.Build.0 = Release|Any CPU
		{8FE92C94-186A-404F-9C90-FB856424F335}.Debug|Any CPU.ActiveCfg = Debug|Any CPU
		{8FE92C94-186A-404F-9C90-FB856424F335}.Debug|Any CPU.Build.0 = Debug|Any CPU
		{8FE92C94-186A-404F-9C90-FB856424F335}.Release|Any CPU.ActiveCfg = Release|Any CPU
		{8FE92C94-186A-404F-9C90-FB856424F335}.Release|Any CPU.Build.0 = Release|Any CPU
	EndGlobalSection
	GlobalSection(SolutionProperties) = preSolution
		HideSolutionNode = FALSE
	EndGlobalSection
	GlobalSection(ExtensibilityGlobals) = postSolution
		SolutionGuid = {1EF0EE51-540E-45F1-8876-CF182A529A7F}
	EndGlobalSection
EndGlobal
