
Microsoft Visual Studio Solution File, Format Version 12.00
# Visual Studio Version 17
VisualStudioVersion = 17.11.35303.130
MinimumVisualStudioVersion = 10.0.40219.1
Project("{FAE04EC0-301F-11D3-BF4B-00C04F79EFBC}") = "A0062_StackTrace", "A0062_StackTrace.csproj", "{5F9D59CE-8725-4150-BBBB-D57DB45E3F90}"
EndProject
Global
	GlobalSection(SolutionConfigurationPlatforms) = preSolution
		Debug|Any CPU = Debug|Any CPU
		Release|Any CPU = Release|Any CPU
	EndGlobalSection
	GlobalSection(ProjectConfigurationPlatforms) = postSolution
		{5F9D59CE-8725-4150-BBBB-D57DB45E3F90}.Debug|Any CPU.ActiveCfg = Debug|Any CPU
		{5F9D59CE-8725-4150-BBBB-D57DB45E3F90}.Debug|Any CPU.Build.0 = Debug|Any CPU
		{5F9D59CE-8725-4150-BBBB-D57DB45E3F90}.Release|Any CPU.ActiveCfg = Release|Any CPU
		{5F9D59CE-8725-4150-BBBB-D57DB45E3F90}.Release|Any CPU.Build.0 = Release|Any CPU
	EndGlobalSection
	GlobalSection(SolutionProperties) = preSolution
		HideSolutionNode = FALSE
	EndGlobalSection
	GlobalSection(ExtensibilityGlobals) = postSolution
		SolutionGuid = {72F5C649-8D46-4DDB-B312-71954A710D87}
	EndGlobalSection
EndGlobal
