
Microsoft Visual Studio Solution File, Format Version 12.00
# Visual Studio Version 17
VisualStudioVersion = 17.0.31919.166
MinimumVisualStudioVersion = 10.0.40219.1
Project("{9A19103F-16F7-4668-BE54-9A1E7A4F7556}") = "A0009_EF_Postgres", "A0009_EF_Postgres\A0009_EF_Postgres.csproj", "{82BA1469-C032-42CA-8268-66309B00B282}"
EndProject
Project("{9A19103F-16F7-4668-BE54-9A1E7A4F7556}") = "A0009_EF_Postgres_V6", "A0009_EF_Postgres_V6\A0009_EF_Postgres_V6.csproj", "{C44042DB-9F0E-421F-9435-58DB847B0279}"
EndProject
Project("{FAE04EC0-301F-11D3-BF4B-00C04F79EFBC}") = "A0009_EF_Postgres_V8", "A0009_EF_Postgres_V8\A0009_EF_Postgres_V8.csproj", "{DCF2B8B1-01E2-4590-B9ED-DE6FE0466D23}"
EndProject
Global
	GlobalSection(SolutionConfigurationPlatforms) = preSolution
		Debug|Any CPU = Debug|Any CPU
		Release|Any CPU = Release|Any CPU
	EndGlobalSection
	GlobalSection(ProjectConfigurationPlatforms) = postSolution
		{82BA1469-C032-42CA-8268-66309B00B282}.Debug|Any CPU.ActiveCfg = Debug|Any CPU
		{82BA1469-C032-42CA-8268-66309B00B282}.Debug|Any CPU.Build.0 = Debug|Any CPU
		{82BA1469-C032-42CA-8268-66309B00B282}.Release|Any CPU.ActiveCfg = Release|Any CPU
		{82BA1469-C032-42CA-8268-66309B00B282}.Release|Any CPU.Build.0 = Release|Any CPU
		{C44042DB-9F0E-421F-9435-58DB847B0279}.Debug|Any CPU.ActiveCfg = Debug|Any CPU
		{C44042DB-9F0E-421F-9435-58DB847B0279}.Debug|Any CPU.Build.0 = Debug|Any CPU
		{C44042DB-9F0E-421F-9435-58DB847B0279}.Release|Any CPU.ActiveCfg = Release|Any CPU
		{C44042DB-9F0E-421F-9435-58DB847B0279}.Release|Any CPU.Build.0 = Release|Any CPU
		{DCF2B8B1-01E2-4590-B9ED-DE6FE0466D23}.Debug|Any CPU.ActiveCfg = Debug|Any CPU
		{DCF2B8B1-01E2-4590-B9ED-DE6FE0466D23}.Debug|Any CPU.Build.0 = Debug|Any CPU
		{DCF2B8B1-01E2-4590-B9ED-DE6FE0466D23}.Release|Any CPU.ActiveCfg = Release|Any CPU
		{DCF2B8B1-01E2-4590-B9ED-DE6FE0466D23}.Release|Any CPU.Build.0 = Release|Any CPU
	EndGlobalSection
	GlobalSection(SolutionProperties) = preSolution
		HideSolutionNode = FALSE
	EndGlobalSection
	GlobalSection(ExtensibilityGlobals) = postSolution
		SolutionGuid = {39A06F27-B96E-4F70-90DF-C3BF3D5C5EC8}
	EndGlobalSection
EndGlobal
