
Microsoft Visual Studio Solution File, Format Version 12.00
# Visual Studio Version 17
VisualStudioVersion = 17.13.36105.23 d17.13
MinimumVisualStudioVersion = 10.0.40219.1
Project("{9A19103F-16F7-4668-BE54-9A1E7A4F7556}") = "A0100_SQLServer", "A0100_SQLServer\A0100_SQLServer.csproj", "{3D84B424-D088-4819-8AC9-F175D6934E21}"
EndProject
Project("{9A19103F-16F7-4668-BE54-9A1E7A4F7556}") = "A0100_MySQL", "A0100_MySQL\A0100_MySQL.csproj", "{6F2980D0-CEA9-474D-AC26-21F94A056BA2}"
EndProject
Project("{FAE04EC0-301F-11D3-BF4B-00C04F79EFBC}") = "A0100_SQLite", "A0100_SQLite\A0100_SQLite.csproj", "{AD39B190-DA4C-4B06-89E4-3F4ECDEA2CAC}"
EndProject
Project("{FAE04EC0-301F-11D3-BF4B-00C04F79EFBC}") = "A0100_PostgreSQL", "A0100_PostgreSQL\A0100_PostgreSQL.csproj", "{47CF54A3-CD10-46A5-80C6-56315267D081}"
EndProject
Global
	GlobalSection(SolutionConfigurationPlatforms) = preSolution
		Debug|Any CPU = Debug|Any CPU
		Release|Any CPU = Release|Any CPU
	EndGlobalSection
	GlobalSection(ProjectConfigurationPlatforms) = postSolution
		{3D84B424-D088-4819-8AC9-F175D6934E21}.Debug|Any CPU.ActiveCfg = Debug|Any CPU
		{3D84B424-D088-4819-8AC9-F175D6934E21}.Debug|Any CPU.Build.0 = Debug|Any CPU
		{3D84B424-D088-4819-8AC9-F175D6934E21}.Release|Any CPU.ActiveCfg = Release|Any CPU
		{3D84B424-D088-4819-8AC9-F175D6934E21}.Release|Any CPU.Build.0 = Release|Any CPU
		{6F2980D0-CEA9-474D-AC26-21F94A056BA2}.Debug|Any CPU.ActiveCfg = Debug|Any CPU
		{6F2980D0-CEA9-474D-AC26-21F94A056BA2}.Debug|Any CPU.Build.0 = Debug|Any CPU
		{6F2980D0-CEA9-474D-AC26-21F94A056BA2}.Release|Any CPU.ActiveCfg = Release|Any CPU
		{6F2980D0-CEA9-474D-AC26-21F94A056BA2}.Release|Any CPU.Build.0 = Release|Any CPU
		{AD39B190-DA4C-4B06-89E4-3F4ECDEA2CAC}.Debug|Any CPU.ActiveCfg = Debug|Any CPU
		{AD39B190-DA4C-4B06-89E4-3F4ECDEA2CAC}.Debug|Any CPU.Build.0 = Debug|Any CPU
		{AD39B190-DA4C-4B06-89E4-3F4ECDEA2CAC}.Release|Any CPU.ActiveCfg = Release|Any CPU
		{AD39B190-DA4C-4B06-89E4-3F4ECDEA2CAC}.Release|Any CPU.Build.0 = Release|Any CPU
		{47CF54A3-CD10-46A5-80C6-56315267D081}.Debug|Any CPU.ActiveCfg = Debug|Any CPU
		{47CF54A3-CD10-46A5-80C6-56315267D081}.Debug|Any CPU.Build.0 = Debug|Any CPU
		{47CF54A3-CD10-46A5-80C6-56315267D081}.Release|Any CPU.ActiveCfg = Release|Any CPU
		{47CF54A3-CD10-46A5-80C6-56315267D081}.Release|Any CPU.Build.0 = Release|Any CPU
	EndGlobalSection
	GlobalSection(SolutionProperties) = preSolution
		HideSolutionNode = FALSE
	EndGlobalSection
	GlobalSection(ExtensibilityGlobals) = postSolution
		SolutionGuid = {F91E9437-38AD-406F-BEAA-9150E7C75ECD}
	EndGlobalSection
EndGlobal
