
Microsoft Visual Studio Solution File, Format Version 12.00
# Visual Studio Version 16
VisualStudioVersion = 16.0.32002.261
MinimumVisualStudioVersion = 10.0.40219.1
Project("{9A19103F-16F7-4668-BE54-9A1E7A4F7556}") = "P0002_MyEtf", "P0002_MyEtf\P0002_MyEtf.csproj", "{6C33AFA2-E0BE-4F01-A3D2-8896CFDBEA3A}"
EndProject
Project("{9A19103F-16F7-4668-BE54-9A1E7A4F7556}") = "P0002_MyEtf.SinaReader", "P0002_MyEtf.SinaReader\P0002_MyEtf.SinaReader.csproj", "{C5A805C4-2A34-4329-92BD-18624BE831C5}"
EndProject
Project("{9A19103F-16F7-4668-BE54-9A1E7A4F7556}") = "P0002_MyEtf.TdxDataImport", "P0002_MyEtf.TdxDataImport\P0002_MyEtf.TdxDataImport.csproj", "{66D01214-B5EF-49A4-A301-1988DCBCA453}"
EndProject
Project("{FAE04EC0-301F-11D3-BF4B-00C04F79EFBC}") = "P0002_MyEtf.Test", "P0002_MyEtf.Test\P0002_MyEtf.Test.csproj", "{797C1EA2-35E7-46EA-9F92-EF895E3DC65F}"
EndProject
Global
	GlobalSection(SolutionConfigurationPlatforms) = preSolution
		Debug|Any CPU = Debug|Any CPU
		Release|Any CPU = Release|Any CPU
	EndGlobalSection
	GlobalSection(ProjectConfigurationPlatforms) = postSolution
		{6C33AFA2-E0BE-4F01-A3D2-8896CFDBEA3A}.Debug|Any CPU.ActiveCfg = Debug|Any CPU
		{6C33AFA2-E0BE-4F01-A3D2-8896CFDBEA3A}.Debug|Any CPU.Build.0 = Debug|Any CPU
		{6C33AFA2-E0BE-4F01-A3D2-8896CFDBEA3A}.Release|Any CPU.ActiveCfg = Release|Any CPU
		{6C33AFA2-E0BE-4F01-A3D2-8896CFDBEA3A}.Release|Any CPU.Build.0 = Release|Any CPU
		{C5A805C4-2A34-4329-92BD-18624BE831C5}.Debug|Any CPU.ActiveCfg = Debug|Any CPU
		{C5A805C4-2A34-4329-92BD-18624BE831C5}.Debug|Any CPU.Build.0 = Debug|Any CPU
		{C5A805C4-2A34-4329-92BD-18624BE831C5}.Release|Any CPU.ActiveCfg = Release|Any CPU
		{C5A805C4-2A34-4329-92BD-18624BE831C5}.Release|Any CPU.Build.0 = Release|Any CPU
		{66D01214-B5EF-49A4-A301-1988DCBCA453}.Debug|Any CPU.ActiveCfg = Debug|Any CPU
		{66D01214-B5EF-49A4-A301-1988DCBCA453}.Debug|Any CPU.Build.0 = Debug|Any CPU
		{66D01214-B5EF-49A4-A301-1988DCBCA453}.Release|Any CPU.ActiveCfg = Release|Any CPU
		{66D01214-B5EF-49A4-A301-1988DCBCA453}.Release|Any CPU.Build.0 = Release|Any CPU
		{797C1EA2-35E7-46EA-9F92-EF895E3DC65F}.Debug|Any CPU.ActiveCfg = Debug|Any CPU
		{797C1EA2-35E7-46EA-9F92-EF895E3DC65F}.Debug|Any CPU.Build.0 = Debug|Any CPU
		{797C1EA2-35E7-46EA-9F92-EF895E3DC65F}.Release|Any CPU.ActiveCfg = Release|Any CPU
		{797C1EA2-35E7-46EA-9F92-EF895E3DC65F}.Release|Any CPU.Build.0 = Release|Any CPU
	EndGlobalSection
	GlobalSection(SolutionProperties) = preSolution
		HideSolutionNode = FALSE
	EndGlobalSection
	GlobalSection(ExtensibilityGlobals) = postSolution
		SolutionGuid = {CDE93BB7-56F8-49D5-BE25-4346F306139A}
	EndGlobalSection
EndGlobal
