
Microsoft Visual Studio Solution File, Format Version 12.00
# Visual Studio Version 17
VisualStudioVersion = 17.0.31903.59
MinimumVisualStudioVersion = 10.0.40219.1
Project("{9A19103F-16F7-4668-BE54-9A1E7A4F7556}") = "A0005_EF_Mysql", "A0005_EF_Mysql\A0005_EF_Mysql.csproj", "{4A39257F-8D36-4120-B705-C78DCE6587FE}"
EndProject
Project("{FAE04EC0-301F-11D3-BF4B-00C04F79EFBC}") = "A0005_EF_Mysql_V6", "A0005_EF_Mysql_V6\A0005_EF_Mysql_V6.csproj", "{9685A3AA-253D-4AF9-8BC7-13877D095CC0}"
EndProject
Global
	GlobalSection(SolutionConfigurationPlatforms) = preSolution
		Debug|Any CPU = Debug|Any CPU
		Release|Any CPU = Release|Any CPU
	EndGlobalSection
	GlobalSection(ProjectConfigurationPlatforms) = postSolution
		{4A39257F-8D36-4120-B705-C78DCE6587FE}.Debug|Any CPU.ActiveCfg = Debug|Any CPU
		{4A39257F-8D36-4120-B705-C78DCE6587FE}.Debug|Any CPU.Build.0 = Debug|Any CPU
		{4A39257F-8D36-4120-B705-C78DCE6587FE}.Release|Any CPU.ActiveCfg = Release|Any CPU
		{4A39257F-8D36-4120-B705-C78DCE6587FE}.Release|Any CPU.Build.0 = Release|Any CPU
		{9685A3AA-253D-4AF9-8BC7-13877D095CC0}.Debug|Any CPU.ActiveCfg = Debug|Any CPU
		{9685A3AA-253D-4AF9-8BC7-13877D095CC0}.Debug|Any CPU.Build.0 = Debug|Any CPU
		{9685A3AA-253D-4AF9-8BC7-13877D095CC0}.Release|Any CPU.ActiveCfg = Release|Any CPU
		{9685A3AA-253D-4AF9-8BC7-13877D095CC0}.Release|Any CPU.Build.0 = Release|Any CPU
	EndGlobalSection
	GlobalSection(SolutionProperties) = preSolution
		HideSolutionNode = FALSE
	EndGlobalSection
	GlobalSection(ExtensibilityGlobals) = postSolution
		SolutionGuid = {36FE895A-514E-4F27-BCE6-B7FB7C52F7CE}
	EndGlobalSection
EndGlobal
