
Microsoft Visual Studio Solution File, Format Version 12.00
# Visual Studio Version 17
VisualStudioVersion = 17.11.35431.28
MinimumVisualStudioVersion = 10.0.40219.1
Project("{FAE04EC0-301F-11D3-BF4B-00C04F79EFBC}") = "A0065_Record", "A0065_Record.csproj", "{6C606164-1700-466C-B9CC-61A979193483}"
EndProject
Global
	GlobalSection(SolutionConfigurationPlatforms) = preSolution
		Debug|Any CPU = Debug|Any CPU
		Release|Any CPU = Release|Any CPU
	EndGlobalSection
	GlobalSection(ProjectConfigurationPlatforms) = postSolution
		{6C606164-1700-466C-B9CC-61A979193483}.Debug|Any CPU.ActiveCfg = Debug|Any CPU
		{6C606164-1700-466C-B9CC-61A979193483}.Debug|Any CPU.Build.0 = Debug|Any CPU
		{6C606164-1700-466C-B9CC-61A979193483}.Release|Any CPU.ActiveCfg = Release|Any CPU
		{6C606164-1700-466C-B9CC-61A979193483}.Release|Any CPU.Build.0 = Release|Any CPU
	EndGlobalSection
	GlobalSection(SolutionProperties) = preSolution
		HideSolutionNode = FALSE
	EndGlobalSection
	GlobalSection(ExtensibilityGlobals) = postSolution
		SolutionGuid = {06E34C7B-5459-4F90-9460-8AD7D0539E9B}
	EndGlobalSection
EndGlobal
